# THIS IS AN AUTOGENERATED FILE. DO NOT EDIT THIS FILE DIRECTLY.
# yarn lockfile v1


miniprogram-api-typings@^3.3.2:
  version "3.3.2"
  resolved "https://registry.yarnpkg.com/miniprogram-api-typings/-/miniprogram-api-typings-3.3.2.tgz#1e6aa65817e6534850141cd2af23eeff6ba61b4e"
  integrity sha512-i8yxwPOGYZ33J/VoJR/mA0Ps2JKuUE6wsn8pdHqKpUrskZuxNsjVf8Z5TPLBisYis3drLdJQ5Gjon8WIwXswYg==

typescript@^4.2.4:
  version "4.2.4"
  resolved "https://registry.yarnpkg.com/typescript/-/typescript-4.2.4.tgz#8610b59747de028fda898a8aef0e103f156d0961"
  integrity sha512-V+evlYHZnQkaz8TRBuxTA92yZBPotr5H+WhQ7bD3hZUndx5tGOa1fuCgeSjxAzM1RiN5IzvadIXTVefuuwZCRg==
